
Microsoft Visual Studio Solution File, Format Version 12.00
# Visual Studio Version 16
VisualStudioVersion = 16.0.30907.101
MinimumVisualStudioVersion = 10.0.40219.1
Project("{9A19103F-16F7-4668-BE54-9A1E7A4F7556}") = "homework5", "homework5\homework5.csproj", "{51978388-6B50-4588-9C88-7AB12138D9AB}"
EndProject
Project("{9A19103F-16F7-4668-BE54-9A1E7A4F7556}") = "task2", "task2\task2.csproj", "{E52B196B-58CE-4109-8A2A-4EE48E92B54E}"
EndProject
Project("{FAE04EC0-301F-11D3-BF4B-00C04F79EFBC}") = "task3", "task3\task3.csproj", "{8A23644F-41B8-4A42-B840-4FA587A8CDB7}"
EndProject
Global
	GlobalSection(SolutionConfigurationPlatforms) = preSolution
		Debug|Any CPU = Debug|Any CPU
		Release|Any CPU = Release|Any CPU
	EndGlobalSection
	GlobalSection(ProjectConfigurationPlatforms) = postSolution
		{51978388-6B50-4588-9C88-7AB12138D9AB}.Debug|Any CPU.ActiveCfg = Debug|Any CPU
		{51978388-6B50-4588-9C88-7AB12138D9AB}.Debug|Any CPU.Build.0 = Debug|Any CPU
		{51978388-6B50-4588-9C88-7AB12138D9AB}.Release|Any CPU.ActiveCfg = Release|Any CPU
		{51978388-6B50-4588-9C88-7AB12138D9AB}.Release|Any CPU.Build.0 = Release|Any CPU
		{E52B196B-58CE-4109-8A2A-4EE48E92B54E}.Debug|Any CPU.ActiveCfg = Debug|Any CPU
		{E52B196B-58CE-4109-8A2A-4EE48E92B54E}.Debug|Any CPU.Build.0 = Debug|Any CPU
		{E52B196B-58CE-4109-8A2A-4EE48E92B54E}.Release|Any CPU.ActiveCfg = Release|Any CPU
		{E52B196B-58CE-4109-8A2A-4EE48E92B54E}.Release|Any CPU.Build.0 = Release|Any CPU
		{8A23644F-41B8-4A42-B840-4FA587A8CDB7}.Debug|Any CPU.ActiveCfg = Debug|Any CPU
		{8A23644F-41B8-4A42-B840-4FA587A8CDB7}.Debug|Any CPU.Build.0 = Debug|Any CPU
		{8A23644F-41B8-4A42-B840-4FA587A8CDB7}.Release|Any CPU.ActiveCfg = Release|Any CPU
		{8A23644F-41B8-4A42-B840-4FA587A8CDB7}.Release|Any CPU.Build.0 = Release|Any CPU
	EndGlobalSection
	GlobalSection(SolutionProperties) = preSolution
		HideSolutionNode = FALSE
	EndGlobalSection
	GlobalSection(ExtensibilityGlobals) = postSolution
		SolutionGuid = {B3B464FD-8078-4317-BF78-917CC3979859}
	EndGlobalSection
EndGlobal
