
Microsoft Visual Studio Solution File, Format Version 12.00
# Visual Studio Version 16
VisualStudioVersion = 16.0.30907.101
MinimumVisualStudioVersion = 10.0.40219.1
Project("{FAE04EC0-301F-11D3-BF4B-00C04F79EFBC}") = "homework1", "homework1\homework1.csproj", "{B3DCEFA1-94A2-495A-B7F2-74B20CC53C2A}"
EndProject
Project("{FAE04EC0-301F-11D3-BF4B-00C04F79EFBC}") = "task2", "task2\task2.csproj", "{234024E4-E8AB-43D4-97A9-FE066FC05288}"
EndProject
Project("{FAE04EC0-301F-11D3-BF4B-00C04F79EFBC}") = "task3", "task3\task3.csproj", "{A6613721-AEA1-4FBC-9A29-892DF3B8F743}"
EndProject
Global
	GlobalSection(SolutionConfigurationPlatforms) = preSolution
		Debug|Any CPU = Debug|Any CPU
		Release|Any CPU = Release|Any CPU
	EndGlobalSection
	GlobalSection(ProjectConfigurationPlatforms) = postSolution
		{B3DCEFA1-94A2-495A-B7F2-74B20CC53C2A}.Debug|Any CPU.ActiveCfg = Debug|Any CPU
		{B3DCEFA1-94A2-495A-B7F2-74B20CC53C2A}.Debug|Any CPU.Build.0 = Debug|Any CPU
		{B3DCEFA1-94A2-495A-B7F2-74B20CC53C2A}.Release|Any CPU.ActiveCfg = Release|Any CPU
		{B3DCEFA1-94A2-495A-B7F2-74B20CC53C2A}.Release|Any CPU.Build.0 = Release|Any CPU
		{234024E4-E8AB-43D4-97A9-FE066FC05288}.Debug|Any CPU.ActiveCfg = Debug|Any CPU
		{234024E4-E8AB-43D4-97A9-FE066FC05288}.Debug|Any CPU.Build.0 = Debug|Any CPU
		{234024E4-E8AB-43D4-97A9-FE066FC05288}.Release|Any CPU.ActiveCfg = Release|Any CPU
		{234024E4-E8AB-43D4-97A9-FE066FC05288}.Release|Any CPU.Build.0 = Release|Any CPU
		{A6613721-AEA1-4FBC-9A29-892DF3B8F743}.Debug|Any CPU.ActiveCfg = Debug|Any CPU
		{A6613721-AEA1-4FBC-9A29-892DF3B8F743}.Debug|Any CPU.Build.0 = Debug|Any CPU
		{A6613721-AEA1-4FBC-9A29-892DF3B8F743}.Release|Any CPU.ActiveCfg = Release|Any CPU
		{A6613721-AEA1-4FBC-9A29-892DF3B8F743}.Release|Any CPU.Build.0 = Release|Any CPU
	EndGlobalSection
	GlobalSection(SolutionProperties) = preSolution
		HideSolutionNode = FALSE
	EndGlobalSection
	GlobalSection(ExtensibilityGlobals) = postSolution
		SolutionGuid = {C628DF0D-2222-443E-9CCC-AD30D8612D34}
	EndGlobalSection
EndGlobal
