
Microsoft Visual Studio Solution File, Format Version 12.00
# Visual Studio Version 16
VisualStudioVersion = 16.0.30907.101
MinimumVisualStudioVersion = 10.0.40219.1
Project("{9A19103F-16F7-4668-BE54-9A1E7A4F7556}") = "task1_1", "homework7\task1_1.csproj", "{63D0BE19-0997-4176-8B2A-31EF988AE332}"
EndProject
Project("{FAE04EC0-301F-11D3-BF4B-00C04F79EFBC}") = "task1_2", "task1_2\task1_2.csproj", "{D5C1CE88-BCF3-4964-9E5A-A486D988AB0D}"
EndProject
Global
	GlobalSection(SolutionConfigurationPlatforms) = preSolution
		Debug|Any CPU = Debug|Any CPU
		Release|Any CPU = Release|Any CPU
	EndGlobalSection
	GlobalSection(ProjectConfigurationPlatforms) = postSolution
		{63D0BE19-0997-4176-8B2A-31EF988AE332}.Debug|Any CPU.ActiveCfg = Debug|Any CPU
		{63D0BE19-0997-4176-8B2A-31EF988AE332}.Debug|Any CPU.Build.0 = Debug|Any CPU
		{63D0BE19-0997-4176-8B2A-31EF988AE332}.Release|Any CPU.ActiveCfg = Release|Any CPU
		{63D0BE19-0997-4176-8B2A-31EF988AE332}.Release|Any CPU.Build.0 = Release|Any CPU
		{D5C1CE88-BCF3-4964-9E5A-A486D988AB0D}.Debug|Any CPU.ActiveCfg = Debug|Any CPU
		{D5C1CE88-BCF3-4964-9E5A-A486D988AB0D}.Debug|Any CPU.Build.0 = Debug|Any CPU
		{D5C1CE88-BCF3-4964-9E5A-A486D988AB0D}.Release|Any CPU.ActiveCfg = Release|Any CPU
		{D5C1CE88-BCF3-4964-9E5A-A486D988AB0D}.Release|Any CPU.Build.0 = Release|Any CPU
	EndGlobalSection
	GlobalSection(SolutionProperties) = preSolution
		HideSolutionNode = FALSE
	EndGlobalSection
	GlobalSection(ExtensibilityGlobals) = postSolution
		SolutionGuid = {08FAE7D2-DCF4-44AF-95B9-096166F2C877}
	EndGlobalSection
EndGlobal
